
Microsoft Visual Studio Solution File, Format Version 12.00
# Visual Studio Version 17
VisualStudioVersion = 17.2.32526.322
MinimumVisualStudioVersion = 10.0.40219.1
Project("{FAE04EC0-301F-11D3-BF4B-00C04F79EFBC}") = "SISTEMA_NOMINA", "SISTEMA_NOMINA\SISTEMA_NOMINA.csproj", "{F00274CE-04F7-4E8C-A712-080C9E8344E4}"
EndProject
Global
	GlobalSection(SolutionConfigurationPlatforms) = preSolution
		Debug|Any CPU = Debug|Any CPU
		Release|Any CPU = Release|Any CPU
	EndGlobalSection
	GlobalSection(ProjectConfigurationPlatforms) = postSolution
		{F00274CE-04F7-4E8C-A712-080C9E8344E4}.Debug|Any CPU.ActiveCfg = Debug|Any CPU
		{F00274CE-04F7-4E8C-A712-080C9E8344E4}.Debug|Any CPU.Build.0 = Debug|Any CPU
		{F00274CE-04F7-4E8C-A712-080C9E8344E4}.Release|Any CPU.ActiveCfg = Release|Any CPU
		{F00274CE-04F7-4E8C-A712-080C9E8344E4}.Release|Any CPU.Build.0 = Release|Any CPU
	EndGlobalSection
	GlobalSection(SolutionProperties) = preSolution
		HideSolutionNode = FALSE
	EndGlobalSection
	GlobalSection(ExtensibilityGlobals) = postSolution
		SolutionGuid = {710DA212-4EAB-4866-B2B7-E21542A76760}
	EndGlobalSection
EndGlobal
